
Microsoft Visual Studio Solution File, Format Version 12.00
# Visual Studio Version 17
VisualStudioVersion = 17.2.32630.192
MinimumVisualStudioVersion = 10.0.40219.1

Project("{8BC9CEB8-8B4A-11D0-8D11-00A0C91BC942}") = "Core", "Core\Core.vcxproj", "{350E0D3D-1A60-4739-85C4-B28B48058F01}"
EndProject

Project("{8BC9CEB8-8B4A-11D0-8D11-00A0C91BC942}") = "Wrapper.Net48", "Cli.Net4.8\Wrapper.Net48.vcxproj", "{FEEC9268-0C59-452E-BBD8-0644B135BEB6}"
EndProject

Project("{8BC9CEB8-8B4A-11D0-8D11-00A0C91BC942}") = "Wrapper.Net60", "Cli.Net6\Wrapper.Net60.vcxproj", "{DA5C3DF0-D3C4-4A63-B233-7BA74BF5E0E0}"
EndProject

Project("{F184B08F-C81C-45F6-A57F-5ABD9991F28F}") = "View", "View\View.vbproj", "{01FBEE28-A67A-47FA-B3EF-2906FA5B1070}"
EndProject

Global
    GlobalSection(SolutionConfigurationPlatforms) = preSolution
        Debug|Any CPU = Debug|Any CPU
        Debug|x64 = Debug|x64
        Debug|x86 = Debug|x86
        Release|Any CPU = Release|Any CPU
        Release|x64 = Release|x64
        Release|x86 = Release|x86
    EndGlobalSection

    GlobalSection(ProjectConfigurationPlatforms) = postSolution
        {350E0D3D-1A60-4739-85C4-B28B48058F01}.Debug|Any CPU.ActiveCfg = Debug|x64
        {350E0D3D-1A60-4739-85C4-B28B48058F01}.Debug|Any CPU.Build.0 = Debug|x64
        {350E0D3D-1A60-4739-85C4-B28B48058F01}.Debug|x64.ActiveCfg = Debug|x64
        {350E0D3D-1A60-4739-85C4-B28B48058F01}.Debug|x64.Build.0 = Debug|x64
        {350E0D3D-1A60-4739-85C4-B28B48058F01}.Debug|x86.ActiveCfg = Debug|Win32
        {350E0D3D-1A60-4739-85C4-B28B48058F01}.Debug|x86.Build.0 = Debug|Win32
        {350E0D3D-1A60-4739-85C4-B28B48058F01}.Release|Any CPU.ActiveCfg = Release|x64
        {350E0D3D-1A60-4739-85C4-B28B48058F01}.Release|Any CPU.Build.0 = Release|x64
        {350E0D3D-1A60-4739-85C4-B28B48058F01}.Release|x64.ActiveCfg = Release|x64
        {350E0D3D-1A60-4739-85C4-B28B48058F01}.Release|x64.Build.0 = Release|x64
        {350E0D3D-1A60-4739-85C4-B28B48058F01}.Release|x86.ActiveCfg = Release|Win32
        {350E0D3D-1A60-4739-85C4-B28B48058F01}.Release|x86.Build.0 = Release|Win32

        {FEEC9268-0C59-452E-BBD8-0644B135BEB6}.Debug|Any CPU.ActiveCfg = Debug|x64
        {FEEC9268-0C59-452E-BBD8-0644B135BEB6}.Debug|Any CPU.Build.0 = Debug|x64
        {FEEC9268-0C59-452E-BBD8-0644B135BEB6}.Debug|x64.ActiveCfg = Debug|x64
        {FEEC9268-0C59-452E-BBD8-0644B135BEB6}.Debug|x64.Build.0 = Debug|x64
        {FEEC9268-0C59-452E-BBD8-0644B135BEB6}.Debug|x86.ActiveCfg = Debug|Win32
        {FEEC9268-0C59-452E-BBD8-0644B135BEB6}.Debug|x86.Build.0 = Debug|Win32
        {FEEC9268-0C59-452E-BBD8-0644B135BEB6}.Release|Any CPU.ActiveCfg = Release|x64
        {FEEC9268-0C59-452E-BBD8-0644B135BEB6}.Release|Any CPU.Build.0 = Release|x64
        {FEEC9268-0C59-452E-BBD8-0644B135BEB6}.Release|x64.ActiveCfg = Release|x64
        {FEEC9268-0C59-452E-BBD8-0644B135BEB6}.Release|x64.Build.0 = Release|x64
        {FEEC9268-0C59-452E-BBD8-0644B135BEB6}.Release|x86.ActiveCfg = Release|Win32
        {FEEC9268-0C59-452E-BBD8-0644B135BEB6}.Release|x86.Build.0 = Release|Win32

        {DA5C3DF0-D3C4-4A63-B233-7BA74BF5E0E0}.Debug|Any CPU.ActiveCfg = Debug|x64
        {DA5C3DF0-D3C4-4A63-B233-7BA74BF5E0E0}.Debug|Any CPU.Build.0 = Debug|x64
        {DA5C3DF0-D3C4-4A63-B233-7BA74BF5E0E0}.Debug|x64.ActiveCfg = Debug|x64
        {DA5C3DF0-D3C4-4A63-B233-7BA74BF5E0E0}.Debug|x64.Build.0 = Debug|x64
        {DA5C3DF0-D3C4-4A63-B233-7BA74BF5E0E0}.Debug|x86.ActiveCfg = Debug|Win32
        {DA5C3DF0-D3C4-4A63-B233-7BA74BF5E0E0}.Debug|x86.Build.0 = Debug|Win32
        {DA5C3DF0-D3C4-4A63-B233-7BA74BF5E0E0}.Release|Any CPU.ActiveCfg = Release|x64
        {DA5C3DF0-D3C4-4A63-B233-7BA74BF5E0E0}.Release|Any CPU.Build.0 = Release|x64
        {DA5C3DF0-D3C4-4A63-B233-7BA74BF5E0E0}.Release|x64.ActiveCfg = Release|x64
        {DA5C3DF0-D3C4-4A63-B233-7BA74BF5E0E0}.Release|x64.Build.0 = Release|x64
        {DA5C3DF0-D3C4-4A63-B233-7BA74BF5E0E0}.Release|x86.ActiveCfg = Release|Win32
        {DA5C3DF0-D3C4-4A63-B233-7BA74BF5E0E0}.Release|x86.Build.0 = Release|Win32

        {01FBEE28-A67A-47FA-B3EF-2906FA5B1070}.Debug|Any CPU.ActiveCfg = Debug|x64
        {01FBEE28-A67A-47FA-B3EF-2906FA5B1070}.Debug|Any CPU.Build.0 = Debug|x64
        {01FBEE28-A67A-47FA-B3EF-2906FA5B1070}.Debug|x64.ActiveCfg = Debug|x64
        {01FBEE28-A67A-47FA-B3EF-2906FA5B1070}.Debug|x64.Build.0 = Debug|x64
        {01FBEE28-A67A-47FA-B3EF-2906FA5B1070}.Debug|x86.ActiveCfg = Debug|Win32
        {01FBEE28-A67A-47FA-B3EF-2906FA5B1070}.Debug|x86.Build.0 = Debug|Win32
        {01FBEE28-A67A-47FA-B3EF-2906FA5B1070}.Release|Any CPU.ActiveCfg = Release|x64
        {01FBEE28-A67A-47FA-B3EF-2906FA5B1070}.Release|Any CPU.Build.0 = Release|x64
        {01FBEE28-A67A-47FA-B3EF-2906FA5B1070}.Release|x64.ActiveCfg = Release|x64
        {01FBEE28-A67A-47FA-B3EF-2906FA5B1070}.Release|x64.Build.0 = Release|x64
        {01FBEE28-A67A-47FA-B3EF-2906FA5B1070}.Release|x86.ActiveCfg = Release|Win32
        {01FBEE28-A67A-47FA-B3EF-2906FA5B1070}.Release|x86.Build.0 = Release|Win32

    EndGlobalSection

    GlobalSection(SolutionProperties) = preSolution
        HideSolutionNode = FALSE
    EndGlobalSection

    GlobalSection(ExtensibilityGlobals) = postSolution
        SolutionGuid = {8FC8A769-CBAF-4533-A7EE-ACF39BEB0158}
    EndGlobalSection

EndGlobal
